
Microsoft Visual Studio Solution File, Format Version 12.00
# Visual Studio Version 16
VisualStudioVersion = 16.0.31019.35
MinimumVisualStudioVersion = 10.0.40219.1
Project("{9A19103F-16F7-4668-BE54-9A1E7A4F7556}") = "FoodAndGo", "FoodAndGo\FoodAndGo.csproj", "{13E887B7-8DBB-4B3B-A64C-61A5E8831B75}"
EndProject
Project("{9A19103F-16F7-4668-BE54-9A1E7A4F7556}") = "FoodAndGo.Data", "FoodAndGo.Data\FoodAndGo.Data.csproj", "{A1AC3C7A-EF81-4939-81E3-65364467D484}"
EndProject
Project("{9A19103F-16F7-4668-BE54-9A1E7A4F7556}") = "FoodAndGo.Repositories", "FoodAndGo.Repositories\FoodAndGo.Repositories.csproj", "{BDEE17BA-DC69-4ACE-85A0-5B58D805428B}"
EndProject
Project("{9A19103F-16F7-4668-BE54-9A1E7A4F7556}") = "FoodAndGo.Services", "FoodAndGo.Services\FoodAndGo.Services.csproj", "{36F4504D-A7B0-4F1F-BC03-3F44AD9DDAB1}"
EndProject
Global
	GlobalSection(SolutionConfigurationPlatforms) = preSolution
		Debug|Any CPU = Debug|Any CPU
		Release|Any CPU = Release|Any CPU
	EndGlobalSection
	GlobalSection(ProjectConfigurationPlatforms) = postSolution
		{13E887B7-8DBB-4B3B-A64C-61A5E8831B75}.Debug|Any CPU.ActiveCfg = Debug|Any CPU
		{13E887B7-8DBB-4B3B-A64C-61A5E8831B75}.Debug|Any CPU.Build.0 = Debug|Any CPU
		{13E887B7-8DBB-4B3B-A64C-61A5E8831B75}.Release|Any CPU.ActiveCfg = Release|Any CPU
		{13E887B7-8DBB-4B3B-A64C-61A5E8831B75}.Release|Any CPU.Build.0 = Release|Any CPU
		{A1AC3C7A-EF81-4939-81E3-65364467D484}.Debug|Any CPU.ActiveCfg = Debug|Any CPU
		{A1AC3C7A-EF81-4939-81E3-65364467D484}.Debug|Any CPU.Build.0 = Debug|Any CPU
		{A1AC3C7A-EF81-4939-81E3-65364467D484}.Release|Any CPU.ActiveCfg = Release|Any CPU
		{A1AC3C7A-EF81-4939-81E3-65364467D484}.Release|Any CPU.Build.0 = Release|Any CPU
		{BDEE17BA-DC69-4ACE-85A0-5B58D805428B}.Debug|Any CPU.ActiveCfg = Debug|Any CPU
		{BDEE17BA-DC69-4ACE-85A0-5B58D805428B}.Debug|Any CPU.Build.0 = Debug|Any CPU
		{BDEE17BA-DC69-4ACE-85A0-5B58D805428B}.Release|Any CPU.ActiveCfg = Release|Any CPU
		{BDEE17BA-DC69-4ACE-85A0-5B58D805428B}.Release|Any CPU.Build.0 = Release|Any CPU
		{36F4504D-A7B0-4F1F-BC03-3F44AD9DDAB1}.Debug|Any CPU.ActiveCfg = Debug|Any CPU
		{36F4504D-A7B0-4F1F-BC03-3F44AD9DDAB1}.Debug|Any CPU.Build.0 = Debug|Any CPU
		{36F4504D-A7B0-4F1F-BC03-3F44AD9DDAB1}.Release|Any CPU.ActiveCfg = Release|Any CPU
		{36F4504D-A7B0-4F1F-BC03-3F44AD9DDAB1}.Release|Any CPU.Build.0 = Release|Any CPU
	EndGlobalSection
	GlobalSection(SolutionProperties) = preSolution
		HideSolutionNode = FALSE
	EndGlobalSection
	GlobalSection(ExtensibilityGlobals) = postSolution
		SolutionGuid = {A9AC7A7E-5111-497F-AC2A-A7160B5EDD83}
	EndGlobalSection
EndGlobal
